{
    "_meta": {
        "hash": {
            "sha256": "ad8c1fe676e6778f4dbd5013b4f912dc940ae87655162ec7912ba19c6054ef30"
        },
        "pipfile-spec": 6,
        "requires": {
            "python_version": "3.7"
        },
        "sources": [
            {
                "name": "pypi",
                "url": "https://pypi.python.org/simple",
                "verify_ssl": true
            }
        ]
    },
    "default": {
        "django": {
            "hashes": [
                "sha256:1ffab268ada3d5684c05ba7ce776eaeedef360712358d6a6b340ae9f16486916",
                "sha256:dd46d87af4c1bf54f4c926c3cfa41dc2b5c15782f15e4329752ce65f5dad1c37"
            ],
            "index": "pypi",
            "version": "==2.1.3"
        },
        "django-ckeditor": {
            "hashes": [
                "sha256:66f20747e75c50a79f6e204a41bfaa530e865b7f0898d4de124a3bf0645536a2"
            ],
            "index": "pypi",
            "version": "==5.3.0"
        },
        "django-js-asset": {
            "hashes": [
                "sha256:30149158206f693a5d027fe590096fc84495486bd11cd77d395b4f2ec27fc1d0",
                "sha256:a395d8d19eb201ea8d2bd4f145b38f1717cd74c0f609f040141d8724c5a27f36"
            ],
            "version": "==1.1.0"
        },
        "pytz": {
            "hashes": [
                "sha256:32b0891edff07e28efe91284ed9c31e123d84bea3fd98e1f72be2508f43ef8d9",
                "sha256:d5f05e487007e29e03409f9398d074e158d920d36eb82eaf66fb1136b0c5374c"
            ],
            "version": "==2018.9"
        },
        "sqlparse": {
            "hashes": [
                "sha256:740a023ef38ce11bbb99a9d143856f56ef4ec5b0d7a853f58c02c65b035114c4",
                "sha256:becd7cc7cebbdf311de8ceedfcf2bd2403297024418801947f8c953025beeff8"
            ],
            "index": "pypi",
            "version": "==0.2.3"
        }
    },
    "develop": {}
}
